// !$*UTF8*$!
{
	archiveVersion = 1;
	classes = {
	};
	objectVersion = 46;
	objects = {

/* Begin PBXBuildFile section */
		8986839019CF6CC8002F204C /* AppDelegate.swift in Sources */ = {isa = PBXBuildFile; fileRef = 8986838F19CF6CC8002F204C /* AppDelegate.swift */; };
		8986839519CF6CC8002F204C /* Main.storyboard in Resources */ = {isa = PBXBuildFile; fileRef = 8986839319CF6CC8002F204C /* Main.storyboard */; };
		8986839719CF6CC8002F204C /* Images.xcassets in Resources */ = {isa = PBXBuildFile; fileRef = 8986839619CF6CC8002F204C /* Images.xcassets */; };
		8986839A19CF6CC8002F204C /* LaunchScreen.xib in Resources */ = {isa = PBXBuildFile; fileRef = 8986839819CF6CC8002F204C /* LaunchScreen.xib */; };
		898683A619CF6CC8002F204C /* RottenTomatoesTests.swift in Sources */ = {isa = PBXBuildFile; fileRef = 898683A519CF6CC8002F204C /* RottenTomatoesTests.swift */; };
		898683B019CF6E66002F204C /* MoviesViewController.swift in Sources */ = {isa = PBXBuildFile; fileRef = 898683AF19CF6E66002F204C /* MoviesViewController.swift */; };
		898683B219CFC54B002F204C /* MovieCell.swift in Sources */ = {isa = PBXBuildFile; fileRef = 898683B119CFC54B002F204C /* MovieCell.swift */; };
/* End PBXBuildFile section */

/* Begin PBXContainerItemProxy section */
		898683A019CF6CC8002F204C /* PBXContainerItemProxy */ = {
			isa = PBXContainerItemProxy;
			containerPortal = 8986838219CF6CC8002F204C /* Project object */;
			proxyType = 1;
			remoteGlobalIDString = 8986838919CF6CC8002F204C;
			remoteInfo = RottenTomatoes;
		};
/* End PBXContainerItemProxy section */

/* Begin PBXFileReference section */
		8986838A19CF6CC8002F204C /* RottenTomatoes.app */ = {isa = PBXFileReference; explicitFileType = wrapper.application; includeInIndex = 0; path = RottenTomatoes.app; sourceTree = BUILT_PRODUCTS_DIR; };
		8986838E19CF6CC8002F204C /* Info.plist */ = {isa = PBXFileReference; lastKnownFileType = text.plist.xml; path = Info.plist; sourceTree = "<group>"; };
		8986838F19CF6CC8002F204C /* AppDelegate.swift */ = {isa = PBXFileReference; lastKnownFileType = sourcecode.swift; path = AppDelegate.swift; sourceTree = "<group>"; };
		8986839419CF6CC8002F204C /* Base */ = {isa = PBXFileReference; lastKnownFileType = file.storyboard; name = Base; path = Base.lproj/Main.storyboard; sourceTree = "<group>"; };
		8986839619CF6CC8002F204C /* Images.xcassets */ = {isa = PBXFileReference; lastKnownFileType = folder.assetcatalog; path = Images.xcassets; sourceTree = "<group>"; };
		8986839919CF6CC8002F204C /* Base */ = {isa = PBXFileReference; lastKnownFileType = file.xib; name = Base; path = Base.lproj/LaunchScreen.xib; sourceTree = "<group>"; };
		8986839F19CF6CC8002F204C /* RottenTomatoesTests.xctest */ = {isa = PBXFileReference; explicitFileType = wrapper.cfbundle; includeInIndex = 0; path = RottenTomatoesTests.xctest; sourceTree = BUILT_PRODUCTS_DIR; };
		898683A419CF6CC8002F204C /* Info.plist */ = {isa = PBXFileReference; lastKnownFileType = text.plist.xml; path = Info.plist; sourceTree = "<group>"; };
		898683A519CF6CC8002F204C /* RottenTomatoesTests.swift */ = {isa = PBXFileReference; lastKnownFileType = sourcecode.swift; path = RottenTomatoesTests.swift; sourceTree = "<group>"; };
		898683AF19CF6E66002F204C /* MoviesViewController.swift */ = {isa = PBXFileReference; fileEncoding = 4; lastKnownFileType = sourcecode.swift; path = MoviesViewController.swift; sourceTree = "<group>"; };
		898683B119CFC54B002F204C /* MovieCell.swift */ = {isa = PBXFileReference; fileEncoding = 4; lastKnownFileType = sourcecode.swift; name = MovieCell.swift; path = ../MovieCell.swift; sourceTree = "<group>"; };
/* End PBXFileReference section */

/* Begin PBXFrameworksBuildPhase section */
		8986838719CF6CC8002F204C /* Frameworks */ = {
			isa = PBXFrameworksBuildPhase;
			buildActionMask = 2147483647;
			files = (
			);
			runOnlyForDeploymentPostprocessing = 0;
		};
		8986839C19CF6CC8002F204C /* Frameworks */ = {
			isa = PBXFrameworksBuildPhase;
			buildActionMask = 2147483647;
			files = (
			);
			runOnlyForDeploymentPostprocessing = 0;
		};
/* End PBXFrameworksBuildPhase section */

/* Begin PBXGroup section */
		8986838119CF6CC8002F204C = {
			isa = PBXGroup;
			children = (
				8986838C19CF6CC8002F204C /* RottenTomatoes */,
				898683A219CF6CC8002F204C /* RottenTomatoesTests */,
				8986838B19CF6CC8002F204C /* Products */,
			);
			sourceTree = "<group>";
		};
		8986838B19CF6CC8002F204C /* Products */ = {
			isa = PBXGroup;
			children = (
				8986838A19CF6CC8002F204C /* RottenTomatoes.app */,
				8986839F19CF6CC8002F204C /* RottenTomatoesTests.xctest */,
			);
			name = Products;
			sourceTree = "<group>";
		};
		8986838C19CF6CC8002F204C /* RottenTomatoes */ = {
			isa = PBXGroup;
			children = (
				898683AF19CF6E66002F204C /* MoviesViewController.swift */,
				898683B119CFC54B002F204C /* MovieCell.swift */,
				8986838F19CF6CC8002F204C /* AppDelegate.swift */,
				8986839319CF6CC8002F204C /* Main.storyboard */,
				8986839619CF6CC8002F204C /* Images.xcassets */,
				8986839819CF6CC8002F204C /* LaunchScreen.xib */,
				8986838D19CF6CC8002F204C /* Supporting Files */,
			);
			path = RottenTomatoes;
			sourceTree = "<group>";
		};
		8986838D19CF6CC8002F204C /* Supporting Files */ = {
			isa = PBXGroup;
			children = (
				8986838E19CF6CC8002F204C /* Info.plist */,
			);
			name = "Supporting Files";
			sourceTree = "<group>";
		};
		898683A219CF6CC8002F204C /* RottenTomatoesTests */ = {
			isa = PBXGroup;
			children = (
				898683A519CF6CC8002F204C /* RottenTomatoesTests.swift */,
				898683A319CF6CC8002F204C /* Supporting Files */,
			);
			path = RottenTomatoesTests;
			sourceTree = "<group>";
		};
		898683A319CF6CC8002F204C /* Supporting Files */ = {
			isa = PBXGroup;
			children = (
				898683A419CF6CC8002F204C /* Info.plist */,
			);
			name = "Supporting Files";
			sourceTree = "<group>";
		};
/* End PBXGroup section */

/* Begin PBXNativeTarget section */
		8986838919CF6CC8002F204C /* RottenTomatoes */ = {
			isa = PBXNativeTarget;
			buildConfigurationList = 898683A919CF6CC8002F204C /* Build configuration list for PBXNativeTarget "RottenTomatoes" */;
			buildPhases = (
				8986838619CF6CC8002F204C /* Sources */,
				8986838719CF6CC8002F204C /* Frameworks */,
				8986838819CF6CC8002F204C /* Resources */,
			);
			buildRules = (
			);
			dependencies = (
			);
			name = RottenTomatoes;
			productName = RottenTomatoes;
			productReference = 8986838A19CF6CC8002F204C /* RottenTomatoes.app */;
			productType = "com.apple.product-type.application";
		};
		8986839E19CF6CC8002F204C /* RottenTomatoesTests */ = {
			isa = PBXNativeTarget;
			buildConfigurationList = 898683AC19CF6CC8002F204C /* Build configuration list for PBXNativeTarget "RottenTomatoesTests" */;
			buildPhases = (
				8986839B19CF6CC8002F204C /* Sources */,
				8986839C19CF6CC8002F204C /* Frameworks */,
				8986839D19CF6CC8002F204C /* Resources */,
			);
			buildRules = (
			);
			dependencies = (
				898683A119CF6CC8002F204C /* PBXTargetDependency */,
			);
			name = RottenTomatoesTests;
			productName = RottenTomatoesTests;
			productReference = 8986839F19CF6CC8002F204C /* RottenTomatoesTests.xctest */;
			productType = "com.apple.product-type.bundle.unit-test";
		};
/* End PBXNativeTarget section */

/* Begin PBXProject section */
		8986838219CF6CC8002F204C /* Project object */ = {
			isa = PBXProject;
			attributes = {
				LastUpgradeCheck = 0600;
				ORGANIZATIONNAME = "Smart Kids Inc";
				TargetAttributes = {
					8986838919CF6CC8002F204C = {
						CreatedOnToolsVersion = 6.0.1;
					};
					8986839E19CF6CC8002F204C = {
						CreatedOnToolsVersion = 6.0.1;
						TestTargetID = 8986838919CF6CC8002F204C;
					};
				};
			};
			buildConfigurationList = 8986838519CF6CC8002F204C /* Build configuration list for PBXProject "RottenTomatoes" */;
			compatibilityVersion = "Xcode 3.2";
			developmentRegion = English;
			hasScannedForEncodings = 0;
			knownRegions = (
				en,
				Base,
			);
			mainGroup = 8986838119CF6CC8002F204C;
			productRefGroup = 8986838B19CF6CC8002F204C /* Products */;
			projectDirPath = "";
			projectRoot = "";
			targets = (
				8986838919CF6CC8002F204C /* RottenTomatoes */,
				8986839E19CF6CC8002F204C /* RottenTomatoesTests */,
			);
		};
/* End PBXProject section */

/* Begin PBXResourcesBuildPhase section */
		8986838819CF6CC8002F204C /* Resources */ = {
			isa = PBXResourcesBuildPhase;
			buildActionMask = 2147483647;
			files = (
				8986839519CF6CC8002F204C /* Main.storyboard in Resources */,
				8986839A19CF6CC8002F204C /* LaunchScreen.xib in Resources */,
				8986839719CF6CC8002F204C /* Images.xcassets in Resources */,
			);
			runOnlyForDeploymentPostprocessing = 0;
		};
		8986839D19CF6CC8002F204C /* Resources */ = {
			isa = PBXResourcesBuildPhase;
			buildActionMask = 2147483647;
			files = (
			);
			runOnlyForDeploymentPostprocessing = 0;
		};
/* End PBXResourcesBuildPhase section */

/* Begin PBXSourcesBuildPhase section */
		8986838619CF6CC8002F204C /* Sources */ = {
			isa = PBXSourcesBuildPhase;
			buildActionMask = 2147483647;
			files = (
				8986839019CF6CC8002F204C /* AppDelegate.swift in Sources */,
				898683B019CF6E66002F204C /* MoviesViewController.swift in Sources */,
				898683B219CFC54B002F204C /* MovieCell.swift in Sources */,
			);
			runOnlyForDeploymentPostprocessing = 0;
		};
		8986839B19CF6CC8002F204C /* Sources */ = {
			isa = PBXSourcesBuildPhase;
			buildActionMask = 2147483647;
			files = (
				898683A619CF6CC8002F204C /* RottenTomatoesTests.swift in Sources */,
			);
			runOnlyForDeploymentPostprocessing = 0;
		};
/* End PBXSourcesBuildPhase section */

/* Begin PBXTargetDependency section */
		898683A119CF6CC8002F204C /* PBXTargetDependency */ = {
			isa = PBXTargetDependency;
			target = 8986838919CF6CC8002F204C /* RottenTomatoes */;
			targetProxy = 898683A019CF6CC8002F204C /* PBXContainerItemProxy */;
		};
/* End PBXTargetDependency section */

/* Begin PBXVariantGroup section */
		8986839319CF6CC8002F204C /* Main.storyboard */ = {
			isa = PBXVariantGroup;
			children = (
				8986839419CF6CC8002F204C /* Base */,
			);
			name = Main.storyboard;
			sourceTree = "<group>";
		};
		8986839819CF6CC8002F204C /* LaunchScreen.xib */ = {
			isa = PBXVariantGroup;
			children = (
				8986839919CF6CC8002F204C /* Base */,
			);
			name = LaunchScreen.xib;
			sourceTree = "<group>";
		};
/* End PBXVariantGroup section */

/* Begin XCBuildConfiguration section */
		898683A719CF6CC8002F204C /* Debug */ = {
			isa = XCBuildConfiguration;
			buildSettings = {
				ALWAYS_SEARCH_USER_PATHS = NO;
				CLANG_CXX_LANGUAGE_STANDARD = "gnu++0x";
				CLANG_CXX_LIBRARY = "libc++";
				CLANG_ENABLE_MODULES = YES;
				CLANG_ENABLE_OBJC_ARC = YES;
				CLANG_WARN_BOOL_CONVERSION = YES;
				CLANG_WARN_CONSTANT_CONVERSION = YES;
				CLANG_WARN_DIRECT_OBJC_ISA_USAGE = YES_ERROR;
				CLANG_WARN_EMPTY_BODY = YES;
				CLANG_WARN_ENUM_CONVERSION = YES;
				CLANG_WARN_INT_CONVERSION = YES;
				CLANG_WARN_OBJC_ROOT_CLASS = YES_ERROR;
				CLANG_WARN_UNREACHABLE_CODE = YES;
				CLANG_WARN__DUPLICATE_METHOD_MATCH = YES;
				"CODE_SIGN_IDENTITY[sdk=iphoneos*]" = "iPhone Developer";
				COPY_PHASE_STRIP = NO;
				ENABLE_STRICT_OBJC_MSGSEND = YES;
				GCC_C_LANGUAGE_STANDARD = gnu99;
				GCC_DYNAMIC_NO_PIC = NO;
				GCC_OPTIMIZATION_LEVEL = 0;
				GCC_PREPROCESSOR_DEFINITIONS = (
					"DEBUG=1",
					"$(inherited)",
				);
				GCC_SYMBOLS_PRIVATE_EXTERN = NO;
				GCC_WARN_64_TO_32_BIT_CONVERSION = YES;
				GCC_WARN_ABOUT_RETURN_TYPE = YES_ERROR;
				GCC_WARN_UNDECLARED_SELECTOR = YES;
				GCC_WARN_UNINITIALIZED_AUTOS = YES_AGGRESSIVE;
				GCC_WARN_UNUSED_FUNCTION = YES;
				GCC_WARN_UNUSED_VARIABLE = YES;
				IPHONEOS_DEPLOYMENT_TARGET = 8.0;
				MTL_ENABLE_DEBUG_INFO = YES;
				ONLY_ACTIVE_ARCH = YES;
				SDKROOT = iphoneos;
				SWIFT_OPTIMIZATION_LEVEL = "-Onone";
				TARGETED_DEVICE_FAMILY = "1,2";
			};
			name = Debug;
		};
		898683A819CF6CC8002F204C /* Release */ = {
			isa = XCBuildConfiguration;
			buildSettings = {
				ALWAYS_SEARCH_USER_PATHS = NO;
				CLANG_CXX_LANGUAGE_STANDARD = "gnu++0x";
				CLANG_CXX_LIBRARY = "libc++";
				CLANG_ENABLE_MODULES = YES;
				CLANG_ENABLE_OBJC_ARC = YES;
				CLANG_WARN_BOOL_CONVERSION = YES;
				CLANG_WARN_CONSTANT_CONVERSION = YES;
				CLANG_WARN_DIRECT_OBJC_ISA_USAGE = YES_ERROR;
				CLANG_WARN_EMPTY_BODY = YES;
				CLANG_WARN_ENUM_CONVERSION = YES;
				CLANG_WARN_INT_CONVERSION = YES;
				CLANG_WARN_OBJC_ROOT_CLASS = YES_ERROR;
				CLANG_WARN_UNREACHABLE_CODE = YES;
				CLANG_WARN__DUPLICATE_METHOD_MATCH = YES;
				"CODE_SIGN_IDENTITY[sdk=iphoneos*]" = "iPhone Developer";
				COPY_PHASE_STRIP = YES;
				ENABLE_NS_ASSERTIONS = NO;
				ENABLE_STRICT_OBJC_MSGSEND = YES;
				GCC_C_LANGUAGE_STANDARD = gnu99;
				GCC_WARN_64_TO_32_BIT_CONVERSION = YES;
				GCC_WARN_ABOUT_RETURN_TYPE = YES_ERROR;
				GCC_WARN_UNDECLARED_SELECTOR = YES;
				GCC_WARN_UNINITIALIZED_AUTOS = YES_AGGRESSIVE;
				GCC_WARN_UNUSED_FUNCTION = YES;
				GCC_WARN_UNUSED_VARIABLE = YES;
				IPHONEOS_DEPLOYMENT_TARGET = 8.0;
				MTL_ENABLE_DEBUG_INFO = NO;
				SDKROOT = iphoneos;
				TARGETED_DEVICE_FAMILY = "1,2";
				VALIDATE_PRODUCT = YES;
			};
			name = Release;
		};
		898683AA19CF6CC8002F204C /* Debug */ = {
			isa = XCBuildConfiguration;
			buildSettings = {
				ASSETCATALOG_COMPILER_APPICON_NAME = AppIcon;
				INFOPLIST_FILE = RottenTomatoes/Info.plist;
				LD_RUNPATH_SEARCH_PATHS = "$(inherited) @executable_path/Frameworks";
				PRODUCT_NAME = "$(TARGET_NAME)";
			};
			name = Debug;
		};
		898683AB19CF6CC8002F204C /* Release */ = {
			isa = XCBuildConfiguration;
			buildSettings = {
				ASSETCATALOG_COMPILER_APPICON_NAME = AppIcon;
				INFOPLIST_FILE = RottenTomatoes/Info.plist;
				LD_RUNPATH_SEARCH_PATHS = "$(inherited) @executable_path/Frameworks";
				PRODUCT_NAME = "$(TARGET_NAME)";
			};
			name = Release;
		};
		898683AD19CF6CC8002F204C /* Debug */ = {
			isa = XCBuildConfiguration;
			buildSettings = {
				BUNDLE_LOADER = "$(TEST_HOST)";
				FRAMEWORK_SEARCH_PATHS = (
					"$(SDKROOT)/Developer/Library/Frameworks",
					"$(inherited)",
				);
				GCC_PREPROCESSOR_DEFINITIONS = (
					"DEBUG=1",
					"$(inherited)",
				);
				INFOPLIST_FILE = RottenTomatoesTests/Info.plist;
				LD_RUNPATH_SEARCH_PATHS = "$(inherited) @executable_path/Frameworks @loader_path/Frameworks";
				PRODUCT_NAME = "$(TARGET_NAME)";
				TEST_HOST = "$(BUILT_PRODUCTS_DIR)/RottenTomatoes.app/RottenTomatoes";
			};
			name = Debug;
		};
		898683AE19CF6CC8002F204C /* Release */ = {
			isa = XCBuildConfiguration;
			buildSettings = {
				BUNDLE_LOADER = "$(TEST_HOST)";
				FRAMEWORK_SEARCH_PATHS = (
					"$(SDKROOT)/Developer/Library/Frameworks",
					"$(inherited)",
				);
				INFOPLIST_FILE = RottenTomatoesTests/Info.plist;
				LD_RUNPATH_SEARCH_PATHS = "$(inherited) @executable_path/Frameworks @loader_path/Frameworks";
				PRODUCT_NAME = "$(TARGET_NAME)";
				TEST_HOST = "$(BUILT_PRODUCTS_DIR)/RottenTomatoes.app/RottenTomatoes";
			};
			name = Release;
		};
/* End XCBuildConfiguration section */

/* Begin XCConfigurationList section */
		8986838519CF6CC8002F204C /* Build configuration list for PBXProject "RottenTomatoes" */ = {
			isa = XCConfigurationList;
			buildConfigurations = (
				898683A719CF6CC8002F204C /* Debug */,
				898683A819CF6CC8002F204C /* Release */,
			);
			defaultConfigurationIsVisible = 0;
			defaultConfigurationName = Release;
		};
		898683A919CF6CC8002F204C /* Build configuration list for PBXNativeTarget "RottenTomatoes" */ = {
			isa = XCConfigurationList;
			buildConfigurations = (
				898683AA19CF6CC8002F204C /* Debug */,
				898683AB19CF6CC8002F204C /* Release */,
			);
			defaultConfigurationIsVisible = 0;
		};
		898683AC19CF6CC8002F204C /* Build configuration list for PBXNativeTarget "RottenTomatoesTests" */ = {
			isa = XCConfigurationList;
			buildConfigurations = (
				898683AD19CF6CC8002F204C /* Debug */,
				898683AE19CF6CC8002F204C /* Release */,
			);
			defaultConfigurationIsVisible = 0;
		};
/* End XCConfigurationList section */
	};
	rootObject = 8986838219CF6CC8002F204C /* Project object */;
}
